github.com/aws/aws-lambda-go v1.48.0 h1:1aZUYsrJu0yo5fC4z+Rba1KhNImXcJcvHu763BxoyIo=
github.com/aws/aws-lambda-go v1.48.0/go.mod h1:dpMpZgvWx5vuQJfBt0zqBha60q7Dd7RfgJv23DymV8A=
github.com/sashabaranov/go-openai v1.38.2 h1:akrssjj+6DY3lWuDwHv6cBvJ8Z+FZDM9XEaaYFt0Auo=
github.com/sashabaranov/go-openai v1.38.2/go.mod h1:lj5b/K+zjTSFxVLijLSTDZuP7adOgerWeFyZLUhAKRg=
